<?xml version="1.0" encoding="utf-8"?>
<Project ToolsVersion="4.0" xmlns="http://schemas.microsoft.com/developer/msbuild/2003">
  <ItemGroup>
    <Filter Include="소스 파일">
      <UniqueIdentifier>{4FC737F1-C7A5-4376-A066-2A32D752A2FF}</UniqueIdentifier>
      <Extensions>cpp;c;cc;cxx;c++;cppm;ixx;def;odl;idl;hpj;bat;asm;asmx</Extensions>
    </Filter>
    <Filter Include="헤더 파일">
      <UniqueIdentifier>{93995380-89BD-4b04-88EB-625FBE52EBFB}</UniqueIdentifier>
      <Extensions>h;hh;hpp;hxx;h++;hm;inl;inc;ipp;xsd</Extensions>
    </Filter>
    <Filter Include="리소스 파일">
      <UniqueIdentifier>{67DA6AB6-F800-4c08-8B7A-83BB121AAD01}</UniqueIdentifier>
      <Extensions>rc;ico;cur;bmp;dlg;rc2;rct;bin;rgs;gif;jpg;jpeg;jpe;resx;tiff;tif;png;wav;mfcribbon-ms</Extensions>
    </Filter>
    <Filter Include="net">
      <UniqueIdentifier>{24bde0da-9586-48d0-9406-7173ba777905}</UniqueIdentifier>
    </Filter>
    <Filter Include="config">
      <UniqueIdentifier>{642faa24-790e-4c05-b3c9-b67338790e90}</UniqueIdentifier>
    </Filter>
    <Filter Include="utils">
      <UniqueIdentifier>{0a8d2200-6361-4b8f-828d-f0c339e6c1b4}</UniqueIdentifier>
    </Filter>
  </ItemGroup>
  <ItemGroup>
    <ClCompile Include="main.cpp">
      <Filter>소스 파일</Filter>
    </ClCompile>
    <ClCompile Include="net\HttpServer.cpp">
      <Filter>net</Filter>
    </ClCompile>
    <ClCompile Include="net\HttpSession.cpp">
      <Filter>net</Filter>
    </ClCompile>
    <ClCompile Include="config\ApiConfig.cpp">
      <Filter>config</Filter>
    </ClCompile>
    <ClCompile Include="..\Server_Chat\utils\ConsoleHelper.cpp">
      <Filter>utils</Filter>
    </ClCompile>
    <ClCompile Include="..\Server_Chat\utils\StringUtils.cpp">
      <Filter>utils</Filter>
    </ClCompile>
  </ItemGroup>
  <ItemGroup>
    <ClInclude Include="net\HttpServer.h">
      <Filter>net</Filter>
    </ClInclude>
    <ClInclude Include="net\HttpSession.h">
      <Filter>net</Filter>
    </ClInclude>
    <ClInclude Include="config\ApiConfig.h">
      <Filter>config</Filter>
    </ClInclude>
  </ItemGroup>
</Project>